
Microsoft Visual Studio Solution File, Format Version 12.00
# Visual Studio 15
VisualStudioVersion = 15.0.27703.1
MinimumVisualStudioVersion = 10.0.40219.1
Project("{FAE04EC0-301F-11D3-BF4B-00C04F79EFBC}") = "Cactus", "Cactus\Cactus.csproj", "{43C097A3-253F-4E85-BCAA-610037B23BE0}"
EndProject
Global
	GlobalSection(SolutionConfigurationPlatforms) = preSolution
		Debug|Any CPU = Debug|Any CPU
		Release|Any CPU = Release|Any CPU
	EndGlobalSection
	GlobalSection(ProjectConfigurationPlatforms) = postSolution
		{43C097A3-253F-4E85-BCAA-610037B23BE0}.Debug|Any CPU.ActiveCfg = Debug|Any CPU
		{43C097A3-253F-4E85-BCAA-610037B23BE0}.Debug|Any CPU.Build.0 = Debug|Any CPU
		{43C097A3-253F-4E85-BCAA-610037B23BE0}.Release|Any CPU.ActiveCfg = Release|Any CPU
		{43C097A3-253F-4E85-BCAA-610037B23BE0}.Release|Any CPU.Build.0 = Release|Any CPU
	EndGlobalSection
	GlobalSection(SolutionProperties) = preSolution
		HideSolutionNode = FALSE
	EndGlobalSection
	GlobalSection(ExtensibilityGlobals) = postSolution
		SolutionGuid = {560B0AD5-A3C8-49E8-8EB0-E52F1345EFC3}
	EndGlobalSection
EndGlobal
